{
  "pins" : [
    {
      "identity" : "diesel",
      "kind" : "remoteSourceControl",
      "location" : "https://github.com/Fleuronic/Diesel.git",
      "state" : {
        "branch" : "main",
        "revision" : "1a193403ac38da40898798ef6a1b8e28e6c40b2a"
      }
    },
    {
      "identity" : "yams",
      "kind" : "remoteSourceControl",
      "location" : "https://github.com/jpsim/Yams",
      "state" : {
        "revision" : "0d9ee7ea8c4ebd4a489ad7a73d5c6cad55d6fed3",
        "version" : "5.0.6"
      }
    }
  ],
  "version" : 2
}
